
Microsoft Visual Studio Solution File, Format Version 12.00
# Visual Studio Version 16
VisualStudioVersion = 16.0.810.21
MinimumVisualStudioVersion = 10.0.40219.1
Project("{FAE04EC0-301F-11D3-BF4B-00C04F79EFBC}") = "Redoc.Api", "Redoc.Api\Redoc.Api.csproj", "{146C117B-03EB-4E8A-9A81-BBA16860D740}"
EndProject
Global
	GlobalSection(SolutionConfigurationPlatforms) = preSolution
		Debug|Any CPU = Debug|Any CPU
		Release|Any CPU = Release|Any CPU
	EndGlobalSection
	GlobalSection(ProjectConfigurationPlatforms) = postSolution
		{146C117B-03EB-4E8A-9A81-BBA16860D740}.Debug|Any CPU.ActiveCfg = Debug|Any CPU
		{146C117B-03EB-4E8A-9A81-BBA16860D740}.Debug|Any CPU.Build.0 = Debug|Any CPU
		{146C117B-03EB-4E8A-9A81-BBA16860D740}.Release|Any CPU.ActiveCfg = Release|Any CPU
		{146C117B-03EB-4E8A-9A81-BBA16860D740}.Release|Any CPU.Build.0 = Release|Any CPU
	EndGlobalSection
	GlobalSection(SolutionProperties) = preSolution
		HideSolutionNode = FALSE
	EndGlobalSection
	GlobalSection(ExtensibilityGlobals) = postSolution
		SolutionGuid = {3107D7CB-E707-4D92-9230-6695B83315FC}
	EndGlobalSection
EndGlobal
